<Solution>
  <Project Path="UniTask.csproj" />
  <Project Path="LeanCommon.csproj" />
  <Project Path="UniTask.Linq.csproj" />
  <Project Path="LeanTransition.csproj" />
  <Project Path="Gamio.Games.Sudoku.csproj" />
  <Project Path="Lofelt.NiceVibrations.Demo.csproj" />
  <Project Path="Gamio.Games.Arrows.csproj" />
  <Project Path="MaterialSymbols.Editor.csproj" />
  <Project Path="Gamio.Features.csproj" />
  <Project Path="Gamio.Games.WordGrid.csproj" />
  <Project Path="Gamio.Games.Hitori.csproj" />
  <Project Path="Gamio.Games.Shikaku.csproj" />
  <Project Path="Gamio.Games.LineConnect.csproj" />
  <Project Path="Lofelt.NiceVibrations.csproj" />
  <Project Path="UniTask.Addressables.csproj" />
  <Project Path="Gamio.Utils.csproj" />
  <Project Path="GooglePlugin.csproj" />
  <Project Path="CW.Common.csproj" />
  <Project Path="DOTween.Modules.csproj" />
  <Project Path="UnlimitedScrollUI.csproj" />
  <Project Path="LeanGUI.csproj" />
  <Project Path="Assembly-CSharp.csproj" />
  <Project Path="Gamio.Games.Kings.csproj" />
  <Project Path="UniTask.TextMeshPro.csproj" />
  <Project Path="Gamio.Core.csproj" />
  <Project Path="MaterialSymbols.csproj" />
  <Project Path="Gamio.Games.WordSearch.csproj" />
  <Project Path="Gamio.Games.Pipes.csproj" />
  <Project Path="UnlimitedScrollUIEditor.csproj" />
  <Project Path="UnlimitedScrollUIExample.csproj" />
  <Project Path="Assembly-CSharp-Editor.csproj" />
  <Project Path="UniTask.Editor.csproj" />
  <Project Path="UniTask.DOTween.csproj" />
  <Project Path="LeanTransition.Editor.csproj" />
  <Project Path="Lofelt.NiceVibrations.Editor.csproj" />
</Solution>
